
Microsoft Visual Studio Solution File, Format Version 12.00
# Visual Studio 15
VisualStudioVersion = 15.0.26730.16
MinimumVisualStudioVersion = 10.0.40219.1
Project("{F184B08F-C81C-45F6-A57F-5ABD9991F28F}") = "ReSWMM", "ReSWMM\ReSWMM.vbproj", "{9357067D-9E69-42ED-898F-969C9D44D70C}"
EndProject
Global
	GlobalSection(SolutionConfigurationPlatforms) = preSolution
		Debug|Any CPU = Debug|Any CPU
		Release|Any CPU = Release|Any CPU
	EndGlobalSection
	GlobalSection(ProjectConfigurationPlatforms) = postSolution
		{9357067D-9E69-42ED-898F-969C9D44D70C}.Debug|Any CPU.ActiveCfg = Debug|Any CPU
		{9357067D-9E69-42ED-898F-969C9D44D70C}.Debug|Any CPU.Build.0 = Debug|Any CPU
		{9357067D-9E69-42ED-898F-969C9D44D70C}.Release|Any CPU.ActiveCfg = Release|Any CPU
		{9357067D-9E69-42ED-898F-969C9D44D70C}.Release|Any CPU.Build.0 = Release|Any CPU
	EndGlobalSection
	GlobalSection(SolutionProperties) = preSolution
		HideSolutionNode = FALSE
	EndGlobalSection
	GlobalSection(ExtensibilityGlobals) = postSolution
		SolutionGuid = {6ED2D7EF-F511-4BC5-B483-113DD3DB0513}
	EndGlobalSection
EndGlobal
